
Microsoft Visual Studio Solution File, Format Version 12.00
# Visual Studio 14
VisualStudioVersion = 14.0.23107.0
MinimumVisualStudioVersion = 10.0.40219.1
Project("{FAE04EC0-301F-11D3-BF4B-00C04F79EFBC}") = "LTTH_demo", "LTTH_demo\LTTH_demo.csproj", "{A74CA1F1-4787-475E-BEE2-473538C363C5}"
EndProject
Project("{FAE04EC0-301F-11D3-BF4B-00C04F79EFBC}") = "Client", "..\Client\Client.csproj", "{D9977330-6AF2-4452-9048-9CE8FC7E0182}"
EndProject
Global
	GlobalSection(SolutionConfigurationPlatforms) = preSolution
		Debug|Any CPU = Debug|Any CPU
		Release|Any CPU = Release|Any CPU
	EndGlobalSection
	GlobalSection(ProjectConfigurationPlatforms) = postSolution
		{A74CA1F1-4787-475E-BEE2-473538C363C5}.Debug|Any CPU.ActiveCfg = Debug|Any CPU
		{A74CA1F1-4787-475E-BEE2-473538C363C5}.Debug|Any CPU.Build.0 = Debug|Any CPU
		{A74CA1F1-4787-475E-BEE2-473538C363C5}.Release|Any CPU.ActiveCfg = Release|Any CPU
		{A74CA1F1-4787-475E-BEE2-473538C363C5}.Release|Any CPU.Build.0 = Release|Any CPU
		{D9977330-6AF2-4452-9048-9CE8FC7E0182}.Debug|Any CPU.ActiveCfg = Debug|Any CPU
		{D9977330-6AF2-4452-9048-9CE8FC7E0182}.Debug|Any CPU.Build.0 = Debug|Any CPU
		{D9977330-6AF2-4452-9048-9CE8FC7E0182}.Release|Any CPU.ActiveCfg = Release|Any CPU
		{D9977330-6AF2-4452-9048-9CE8FC7E0182}.Release|Any CPU.Build.0 = Release|Any CPU
	EndGlobalSection
	GlobalSection(SolutionProperties) = preSolution
		HideSolutionNode = FALSE
	EndGlobalSection
EndGlobal
